// !$*UTF8*$!
{
	archiveVersion = 1;
	classes = {
	};
	objectVersion = 55;
	objects = {

/* Begin PBXBuildFile section */
		3C1D3789288C3656001176B9 /* AppDelegate.swift in Sources */ = {isa = PBXBuildFile; fileRef = 3C1D3788288C3656001176B9 /* AppDelegate.swift */; };
		3C1D378B288C3656001176B9 /* SceneDelegate.swift in Sources */ = {isa = PBXBuildFile; fileRef = 3C1D378A288C3656001176B9 /* SceneDelegate.swift */; };
		3C1D378D288C3656001176B9 /* WelcomeViewController.swift in Sources */ = {isa = PBXBuildFile; fileRef = 3C1D378C288C3656001176B9 /* WelcomeViewController.swift */; };
		3C1D3790288C3656001176B9 /* Main.storyboard in Resources */ = {isa = PBXBuildFile; fileRef = 3C1D378E288C3656001176B9 /* Main.storyboard */; };
		3C1D3792288C3658001176B9 /* Assets.xcassets in Resources */ = {isa = PBXBuildFile; fileRef = 3C1D3791288C3658001176B9 /* Assets.xcassets */; };
		3C1D3795288C3658001176B9 /* LaunchScreen.storyboard in Resources */ = {isa = PBXBuildFile; fileRef = 3C1D3793288C3658001176B9 /* LaunchScreen.storyboard */; };
		3C1D379D288C4585001176B9 /* QuizViewController.swift in Sources */ = {isa = PBXBuildFile; fileRef = 3C1D379C288C4585001176B9 /* QuizViewController.swift */; };
		3C1D37A0288C514D001176B9 /* ResultsViewController.swift in Sources */ = {isa = PBXBuildFile; fileRef = 3C1D379F288C514D001176B9 /* ResultsViewController.swift */; };
		3C1D37A6288C5C06001176B9 /* Quiz.swift in Sources */ = {isa = PBXBuildFile; fileRef = 3C1D37A5288C5C06001176B9 /* Quiz.swift */; };
		3C1D37A8288C5C75001176B9 /* ResponseType.swift in Sources */ = {isa = PBXBuildFile; fileRef = 3C1D37A7288C5C75001176B9 /* ResponseType.swift */; };
		3C1D37AA288C5C8B001176B9 /* Answer.swift in Sources */ = {isa = PBXBuildFile; fileRef = 3C1D37A9288C5C8B001176B9 /* Answer.swift */; };
		3C1D37AC288C5D54001176B9 /* MarkType.swift in Sources */ = {isa = PBXBuildFile; fileRef = 3C1D37AB288C5D54001176B9 /* MarkType.swift */; };
		3CE1CFEC28A1463E00FF2DA5 /* InfoViewController.swift in Sources */ = {isa = PBXBuildFile; fileRef = 3CE1CFEB28A1463E00FF2DA5 /* InfoViewController.swift */; };
		3CE1CFF828A15D0800FF2DA5 /* b.png in Resources */ = {isa = PBXBuildFile; fileRef = 3CE1CFF028A15D0800FF2DA5 /* b.png */; };
		3CE1CFF928A15D0800FF2DA5 /* f.png in Resources */ = {isa = PBXBuildFile; fileRef = 3CE1CFF128A15D0800FF2DA5 /* f.png */; };
		3CE1CFFA28A15D0800FF2DA5 /* c.png in Resources */ = {isa = PBXBuildFile; fileRef = 3CE1CFF228A15D0800FF2DA5 /* c.png */; };
		3CE1CFFB28A15D0800FF2DA5 /* d.png in Resources */ = {isa = PBXBuildFile; fileRef = 3CE1CFF328A15D0800FF2DA5 /* d.png */; };
		3CE1CFFC28A15D0800FF2DA5 /* g.png in Resources */ = {isa = PBXBuildFile; fileRef = 3CE1CFF428A15D0800FF2DA5 /* g.png */; };
		3CE1CFFD28A15D0800FF2DA5 /* a.png in Resources */ = {isa = PBXBuildFile; fileRef = 3CE1CFF528A15D0800FF2DA5 /* a.png */; };
		3CE1CFFE28A15D0800FF2DA5 /* h.png in Resources */ = {isa = PBXBuildFile; fileRef = 3CE1CFF628A15D0800FF2DA5 /* h.png */; };
		3CE1CFFF28A15D0800FF2DA5 /* e.png in Resources */ = {isa = PBXBuildFile; fileRef = 3CE1CFF728A15D0800FF2DA5 /* e.png */; };
/* End PBXBuildFile section */

/* Begin PBXFileReference section */
		3C1D3785288C3656001176B9 /* Quiz.app */ = {isa = PBXFileReference; explicitFileType = wrapper.application; includeInIndex = 0; path = Quiz.app; sourceTree = BUILT_PRODUCTS_DIR; };
		3C1D3788288C3656001176B9 /* AppDelegate.swift */ = {isa = PBXFileReference; lastKnownFileType = sourcecode.swift; path = AppDelegate.swift; sourceTree = "<group>"; };
		3C1D378A288C3656001176B9 /* SceneDelegate.swift */ = {isa = PBXFileReference; lastKnownFileType = sourcecode.swift; path = SceneDelegate.swift; sourceTree = "<group>"; };
		3C1D378C288C3656001176B9 /* WelcomeViewController.swift */ = {isa = PBXFileReference; lastKnownFileType = sourcecode.swift; path = WelcomeViewController.swift; sourceTree = "<group>"; };
		3C1D378F288C3656001176B9 /* Base */ = {isa = PBXFileReference; lastKnownFileType = file.storyboard; name = Base; path = Base.lproj/Main.storyboard; sourceTree = "<group>"; };
		3C1D3791288C3658001176B9 /* Assets.xcassets */ = {isa = PBXFileReference; lastKnownFileType = folder.assetcatalog; path = Assets.xcassets; sourceTree = "<group>"; };
		3C1D3794288C3658001176B9 /* Base */ = {isa = PBXFileReference; lastKnownFileType = file.storyboard; name = Base; path = Base.lproj/LaunchScreen.storyboard; sourceTree = "<group>"; };
		3C1D3796288C3658001176B9 /* Info.plist */ = {isa = PBXFileReference; lastKnownFileType = text.plist.xml; path = Info.plist; sourceTree = "<group>"; };
		3C1D379C288C4585001176B9 /* QuizViewController.swift */ = {isa = PBXFileReference; lastKnownFileType = sourcecode.swift; path = QuizViewController.swift; sourceTree = "<group>"; };
		3C1D379F288C514D001176B9 /* ResultsViewController.swift */ = {isa = PBXFileReference; lastKnownFileType = sourcecode.swift; path = ResultsViewController.swift; sourceTree = "<group>"; };
		3C1D37A5288C5C06001176B9 /* Quiz.swift */ = {isa = PBXFileReference; lastKnownFileType = sourcecode.swift; path = Quiz.swift; sourceTree = "<group>"; };
		3C1D37A7288C5C75001176B9 /* ResponseType.swift */ = {isa = PBXFileReference; lastKnownFileType = sourcecode.swift; path = ResponseType.swift; sourceTree = "<group>"; };
		3C1D37A9288C5C8B001176B9 /* Answer.swift */ = {isa = PBXFileReference; lastKnownFileType = sourcecode.swift; path = Answer.swift; sourceTree = "<group>"; };
		3C1D37AB288C5D54001176B9 /* MarkType.swift */ = {isa = PBXFileReference; lastKnownFileType = sourcecode.swift; path = MarkType.swift; sourceTree = "<group>"; };
		3CE1CFEB28A1463E00FF2DA5 /* InfoViewController.swift */ = {isa = PBXFileReference; lastKnownFileType = sourcecode.swift; path = InfoViewController.swift; sourceTree = "<group>"; };
		3CE1CFF028A15D0800FF2DA5 /* b.png */ = {isa = PBXFileReference; lastKnownFileType = image.png; path = b.png; sourceTree = "<group>"; };
		3CE1CFF128A15D0800FF2DA5 /* f.png */ = {isa = PBXFileReference; lastKnownFileType = image.png; path = f.png; sourceTree = "<group>"; };
		3CE1CFF228A15D0800FF2DA5 /* c.png */ = {isa = PBXFileReference; lastKnownFileType = image.png; path = c.png; sourceTree = "<group>"; };
		3CE1CFF328A15D0800FF2DA5 /* d.png */ = {isa = PBXFileReference; lastKnownFileType = image.png; path = d.png; sourceTree = "<group>"; };
		3CE1CFF428A15D0800FF2DA5 /* g.png */ = {isa = PBXFileReference; lastKnownFileType = image.png; path = g.png; sourceTree = "<group>"; };
		3CE1CFF528A15D0800FF2DA5 /* a.png */ = {isa = PBXFileReference; lastKnownFileType = image.png; path = a.png; sourceTree = "<group>"; };
		3CE1CFF628A15D0800FF2DA5 /* h.png */ = {isa = PBXFileReference; lastKnownFileType = image.png; path = h.png; sourceTree = "<group>"; };
		3CE1CFF728A15D0800FF2DA5 /* e.png */ = {isa = PBXFileReference; lastKnownFileType = image.png; path = e.png; sourceTree = "<group>"; };
/* End PBXFileReference section */

/* Begin PBXFrameworksBuildPhase section */
		3C1D3782288C3656001176B9 /* Frameworks */ = {
			isa = PBXFrameworksBuildPhase;
			buildActionMask = 2147483647;
			files = (
			);
			runOnlyForDeploymentPostprocessing = 0;
		};
/* End PBXFrameworksBuildPhase section */

/* Begin PBXGroup section */
		3C1D377C288C3656001176B9 = {
			isa = PBXGroup;
			children = (
				3C1D3787288C3656001176B9 /* Quiz */,
				3C1D3786288C3656001176B9 /* Products */,
			);
			sourceTree = "<group>";
		};
		3C1D3786288C3656001176B9 /* Products */ = {
			isa = PBXGroup;
			children = (
				3C1D3785288C3656001176B9 /* Quiz.app */,
			);
			name = Products;
			sourceTree = "<group>";
		};
		3C1D3787288C3656001176B9 /* Quiz */ = {
			isa = PBXGroup;
			children = (
				3C1D37A1288C52B2001176B9 /* App */,
				3C1D379E288C45B7001176B9 /* ViewControllers */,
			);
			path = Quiz;
			sourceTree = "<group>";
		};
		3C1D379E288C45B7001176B9 /* ViewControllers */ = {
			isa = PBXGroup;
			children = (
				3C1D379C288C4585001176B9 /* QuizViewController.swift */,
				3C1D378C288C3656001176B9 /* WelcomeViewController.swift */,
				3C1D379F288C514D001176B9 /* ResultsViewController.swift */,
				3CE1CFEB28A1463E00FF2DA5 /* InfoViewController.swift */,
			);
			path = ViewControllers;
			sourceTree = "<group>";
		};
		3C1D37A1288C52B2001176B9 /* App */ = {
			isa = PBXGroup;
			children = (
				3CE1CFEF28A15CB000FF2DA5 /* Screenshots */,
				3C1D37A4288C5BCB001176B9 /* Model */,
				3C1D37A3288C5328001176B9 /* SupportsFiles */,
				3C1D37A2288C52D3001176B9 /* Storyboards */,
			);
			path = App;
			sourceTree = "<group>";
		};
		3C1D37A2288C52D3001176B9 /* Storyboards */ = {
			isa = PBXGroup;
			children = (
				3C1D3793288C3658001176B9 /* LaunchScreen.storyboard */,
				3C1D378E288C3656001176B9 /* Main.storyboard */,
			);
			path = Storyboards;
			sourceTree = "<group>";
		};
		3C1D37A3288C5328001176B9 /* SupportsFiles */ = {
			isa = PBXGroup;
			children = (
				3C1D3788288C3656001176B9 /* AppDelegate.swift */,
				3C1D3791288C3658001176B9 /* Assets.xcassets */,
				3C1D3796288C3658001176B9 /* Info.plist */,
				3C1D378A288C3656001176B9 /* SceneDelegate.swift */,
			);
			path = SupportsFiles;
			sourceTree = "<group>";
		};
		3C1D37A4288C5BCB001176B9 /* Model */ = {
			isa = PBXGroup;
			children = (
				3C1D37A5288C5C06001176B9 /* Quiz.swift */,
				3C1D37A7288C5C75001176B9 /* ResponseType.swift */,
				3C1D37A9288C5C8B001176B9 /* Answer.swift */,
				3C1D37AB288C5D54001176B9 /* MarkType.swift */,
			);
			path = Model;
			sourceTree = "<group>";
		};
		3CE1CFEF28A15CB000FF2DA5 /* Screenshots */ = {
			isa = PBXGroup;
			children = (
				3CE1CFF528A15D0800FF2DA5 /* a.png */,
				3CE1CFF028A15D0800FF2DA5 /* b.png */,
				3CE1CFF228A15D0800FF2DA5 /* c.png */,
				3CE1CFF328A15D0800FF2DA5 /* d.png */,
				3CE1CFF728A15D0800FF2DA5 /* e.png */,
				3CE1CFF128A15D0800FF2DA5 /* f.png */,
				3CE1CFF428A15D0800FF2DA5 /* g.png */,
				3CE1CFF628A15D0800FF2DA5 /* h.png */,
			);
			path = Screenshots;
			sourceTree = "<group>";
		};
/* End PBXGroup section */

/* Begin PBXNativeTarget section */
		3C1D3784288C3656001176B9 /* Quiz */ = {
			isa = PBXNativeTarget;
			buildConfigurationList = 3C1D3799288C3658001176B9 /* Build configuration list for PBXNativeTarget "Quiz" */;
			buildPhases = (
				3C1D3781288C3656001176B9 /* Sources */,
				3C1D3782288C3656001176B9 /* Frameworks */,
				3C1D3783288C3656001176B9 /* Resources */,
			);
			buildRules = (
			);
			dependencies = (
			);
			name = Quiz;
			productName = Quiz;
			productReference = 3C1D3785288C3656001176B9 /* Quiz.app */;
			productType = "com.apple.product-type.application";
		};
/* End PBXNativeTarget section */

/* Begin PBXProject section */
		3C1D377D288C3656001176B9 /* Project object */ = {
			isa = PBXProject;
			attributes = {
				BuildIndependentTargetsInParallel = 1;
				LastSwiftUpdateCheck = 1310;
				LastUpgradeCheck = 1310;
				TargetAttributes = {
					3C1D3784288C3656001176B9 = {
						CreatedOnToolsVersion = 13.1;
					};
				};
			};
			buildConfigurationList = 3C1D3780288C3656001176B9 /* Build configuration list for PBXProject "Quiz" */;
			compatibilityVersion = "Xcode 13.0";
			developmentRegion = en;
			hasScannedForEncodings = 0;
			knownRegions = (
				en,
				Base,
			);
			mainGroup = 3C1D377C288C3656001176B9;
			productRefGroup = 3C1D3786288C3656001176B9 /* Products */;
			projectDirPath = "";
			projectRoot = "";
			targets = (
				3C1D3784288C3656001176B9 /* Quiz */,
			);
		};
/* End PBXProject section */

/* Begin PBXResourcesBuildPhase section */
		3C1D3783288C3656001176B9 /* Resources */ = {
			isa = PBXResourcesBuildPhase;
			buildActionMask = 2147483647;
			files = (
				3CE1CFFF28A15D0800FF2DA5 /* e.png in Resources */,
				3CE1CFFD28A15D0800FF2DA5 /* a.png in Resources */,
				3C1D3795288C3658001176B9 /* LaunchScreen.storyboard in Resources */,
				3C1D3792288C3658001176B9 /* Assets.xcassets in Resources */,
				3CE1CFF828A15D0800FF2DA5 /* b.png in Resources */,
				3CE1CFFE28A15D0800FF2DA5 /* h.png in Resources */,
				3CE1CFFA28A15D0800FF2DA5 /* c.png in Resources */,
				3CE1CFF928A15D0800FF2DA5 /* f.png in Resources */,
				3CE1CFFB28A15D0800FF2DA5 /* d.png in Resources */,
				3C1D3790288C3656001176B9 /* Main.storyboard in Resources */,
				3CE1CFFC28A15D0800FF2DA5 /* g.png in Resources */,
			);
			runOnlyForDeploymentPostprocessing = 0;
		};
/* End PBXResourcesBuildPhase section */

/* Begin PBXSourcesBuildPhase section */
		3C1D3781288C3656001176B9 /* Sources */ = {
			isa = PBXSourcesBuildPhase;
			buildActionMask = 2147483647;
			files = (
				3C1D378D288C3656001176B9 /* WelcomeViewController.swift in Sources */,
				3C1D3789288C3656001176B9 /* AppDelegate.swift in Sources */,
				3C1D37A6288C5C06001176B9 /* Quiz.swift in Sources */,
				3C1D378B288C3656001176B9 /* SceneDelegate.swift in Sources */,
				3CE1CFEC28A1463E00FF2DA5 /* InfoViewController.swift in Sources */,
				3C1D37A0288C514D001176B9 /* ResultsViewController.swift in Sources */,
				3C1D379D288C4585001176B9 /* QuizViewController.swift in Sources */,
				3C1D37A8288C5C75001176B9 /* ResponseType.swift in Sources */,
				3C1D37AA288C5C8B001176B9 /* Answer.swift in Sources */,
				3C1D37AC288C5D54001176B9 /* MarkType.swift in Sources */,
			);
			runOnlyForDeploymentPostprocessing = 0;
		};
/* End PBXSourcesBuildPhase section */

/* Begin PBXVariantGroup section */
		3C1D378E288C3656001176B9 /* Main.storyboard */ = {
			isa = PBXVariantGroup;
			children = (
				3C1D378F288C3656001176B9 /* Base */,
			);
			name = Main.storyboard;
			sourceTree = "<group>";
		};
		3C1D3793288C3658001176B9 /* LaunchScreen.storyboard */ = {
			isa = PBXVariantGroup;
			children = (
				3C1D3794288C3658001176B9 /* Base */,
			);
			name = LaunchScreen.storyboard;
			sourceTree = "<group>";
		};
/* End PBXVariantGroup section */

/* Begin XCBuildConfiguration section */
		3C1D3797288C3658001176B9 /* Debug */ = {
			isa = XCBuildConfiguration;
			buildSettings = {
				ALWAYS_SEARCH_USER_PATHS = NO;
				CLANG_ANALYZER_NONNULL = YES;
				CLANG_ANALYZER_NUMBER_OBJECT_CONVERSION = YES_AGGRESSIVE;
				CLANG_CXX_LANGUAGE_STANDARD = "gnu++17";
				CLANG_CXX_LIBRARY = "libc++";
				CLANG_ENABLE_MODULES = YES;
				CLANG_ENABLE_OBJC_ARC = YES;
				CLANG_ENABLE_OBJC_WEAK = YES;
				CLANG_WARN_BLOCK_CAPTURE_AUTORELEASING = YES;
				CLANG_WARN_BOOL_CONVERSION = YES;
				CLANG_WARN_COMMA = YES;
				CLANG_WARN_CONSTANT_CONVERSION = YES;
				CLANG_WARN_DEPRECATED_OBJC_IMPLEMENTATIONS = YES;
				CLANG_WARN_DIRECT_OBJC_ISA_USAGE = YES_ERROR;
				CLANG_WARN_DOCUMENTATION_COMMENTS = YES;
				CLANG_WARN_EMPTY_BODY = YES;
				CLANG_WARN_ENUM_CONVERSION = YES;
				CLANG_WARN_INFINITE_RECURSION = YES;
				CLANG_WARN_INT_CONVERSION = YES;
				CLANG_WARN_NON_LITERAL_NULL_CONVERSION = YES;
				CLANG_WARN_OBJC_IMPLICIT_RETAIN_SELF = YES;
				CLANG_WARN_OBJC_LITERAL_CONVERSION = YES;
				CLANG_WARN_OBJC_ROOT_CLASS = YES_ERROR;
				CLANG_WARN_QUOTED_INCLUDE_IN_FRAMEWORK_HEADER = YES;
				CLANG_WARN_RANGE_LOOP_ANALYSIS = YES;
				CLANG_WARN_STRICT_PROTOTYPES = YES;
				CLANG_WARN_SUSPICIOUS_MOVE = YES;
				CLANG_WARN_UNGUARDED_AVAILABILITY = YES_AGGRESSIVE;
				CLANG_WARN_UNREACHABLE_CODE = YES;
				CLANG_WARN__DUPLICATE_METHOD_MATCH = YES;
				COPY_PHASE_STRIP = NO;
				DEBUG_INFORMATION_FORMAT = dwarf;
				ENABLE_STRICT_OBJC_MSGSEND = YES;
				ENABLE_TESTABILITY = YES;
				GCC_C_LANGUAGE_STANDARD = gnu11;
				GCC_DYNAMIC_NO_PIC = NO;
				GCC_NO_COMMON_BLOCKS = YES;
				GCC_OPTIMIZATION_LEVEL = 0;
				GCC_PREPROCESSOR_DEFINITIONS = (
					"DEBUG=1",
					"$(inherited)",
				);
				GCC_WARN_64_TO_32_BIT_CONVERSION = YES;
				GCC_WARN_ABOUT_RETURN_TYPE = YES_ERROR;
				GCC_WARN_UNDECLARED_SELECTOR = YES;
				GCC_WARN_UNINITIALIZED_AUTOS = YES_AGGRESSIVE;
				GCC_WARN_UNUSED_FUNCTION = YES;
				GCC_WARN_UNUSED_VARIABLE = YES;
				IPHONEOS_DEPLOYMENT_TARGET = 15.0;
				MTL_ENABLE_DEBUG_INFO = INCLUDE_SOURCE;
				MTL_FAST_MATH = YES;
				ONLY_ACTIVE_ARCH = YES;
				SDKROOT = iphoneos;
				SWIFT_ACTIVE_COMPILATION_CONDITIONS = DEBUG;
				SWIFT_OPTIMIZATION_LEVEL = "-Onone";
			};
			name = Debug;
		};
		3C1D3798288C3658001176B9 /* Release */ = {
			isa = XCBuildConfiguration;
			buildSettings = {
				ALWAYS_SEARCH_USER_PATHS = NO;
				CLANG_ANALYZER_NONNULL = YES;
				CLANG_ANALYZER_NUMBER_OBJECT_CONVERSION = YES_AGGRESSIVE;
				CLANG_CXX_LANGUAGE_STANDARD = "gnu++17";
				CLANG_CXX_LIBRARY = "libc++";
				CLANG_ENABLE_MODULES = YES;
				CLANG_ENABLE_OBJC_ARC = YES;
				CLANG_ENABLE_OBJC_WEAK = YES;
				CLANG_WARN_BLOCK_CAPTURE_AUTORELEASING = YES;
				CLANG_WARN_BOOL_CONVERSION = YES;
				CLANG_WARN_COMMA = YES;
				CLANG_WARN_CONSTANT_CONVERSION = YES;
				CLANG_WARN_DEPRECATED_OBJC_IMPLEMENTATIONS = YES;
				CLANG_WARN_DIRECT_OBJC_ISA_USAGE = YES_ERROR;
				CLANG_WARN_DOCUMENTATION_COMMENTS = YES;
				CLANG_WARN_EMPTY_BODY = YES;
				CLANG_WARN_ENUM_CONVERSION = YES;
				CLANG_WARN_INFINITE_RECURSION = YES;
				CLANG_WARN_INT_CONVERSION = YES;
				CLANG_WARN_NON_LITERAL_NULL_CONVERSION = YES;
				CLANG_WARN_OBJC_IMPLICIT_RETAIN_SELF = YES;
				CLANG_WARN_OBJC_LITERAL_CONVERSION = YES;
				CLANG_WARN_OBJC_ROOT_CLASS = YES_ERROR;
				CLANG_WARN_QUOTED_INCLUDE_IN_FRAMEWORK_HEADER = YES;
				CLANG_WARN_RANGE_LOOP_ANALYSIS = YES;
				CLANG_WARN_STRICT_PROTOTYPES = YES;
				CLANG_WARN_SUSPICIOUS_MOVE = YES;
				CLANG_WARN_UNGUARDED_AVAILABILITY = YES_AGGRESSIVE;
				CLANG_WARN_UNREACHABLE_CODE = YES;
				CLANG_WARN__DUPLICATE_METHOD_MATCH = YES;
				COPY_PHASE_STRIP = NO;
				DEBUG_INFORMATION_FORMAT = "dwarf-with-dsym";
				ENABLE_NS_ASSERTIONS = NO;
				ENABLE_STRICT_OBJC_MSGSEND = YES;
				GCC_C_LANGUAGE_STANDARD = gnu11;
				GCC_NO_COMMON_BLOCKS = YES;
				GCC_WARN_64_TO_32_BIT_CONVERSION = YES;
				GCC_WARN_ABOUT_RETURN_TYPE = YES_ERROR;
				GCC_WARN_UNDECLARED_SELECTOR = YES;
				GCC_WARN_UNINITIALIZED_AUTOS = YES_AGGRESSIVE;
				GCC_WARN_UNUSED_FUNCTION = YES;
				GCC_WARN_UNUSED_VARIABLE = YES;
				IPHONEOS_DEPLOYMENT_TARGET = 15.0;
				MTL_ENABLE_DEBUG_INFO = NO;
				MTL_FAST_MATH = YES;
				SDKROOT = iphoneos;
				SWIFT_COMPILATION_MODE = wholemodule;
				SWIFT_OPTIMIZATION_LEVEL = "-O";
				VALIDATE_PRODUCT = YES;
			};
			name = Release;
		};
		3C1D379A288C3658001176B9 /* Debug */ = {
			isa = XCBuildConfiguration;
			buildSettings = {
				ASSETCATALOG_COMPILER_APPICON_NAME = AppIcon;
				ASSETCATALOG_COMPILER_GLOBAL_ACCENT_COLOR_NAME = AccentColor;
				CODE_SIGN_STYLE = Automatic;
				CURRENT_PROJECT_VERSION = 1;
				DEVELOPMENT_TEAM = MY5ABU8M7U;
				GENERATE_INFOPLIST_FILE = YES;
				INFOPLIST_FILE = Quiz/App/SupportsFiles/Info.plist;
				INFOPLIST_KEY_UIApplicationSupportsIndirectInputEvents = YES;
				INFOPLIST_KEY_UILaunchStoryboardName = LaunchScreen;
				INFOPLIST_KEY_UIMainStoryboardFile = Main;
				INFOPLIST_KEY_UISupportedInterfaceOrientations_iPad = "UIInterfaceOrientationPortrait UIInterfaceOrientationPortraitUpsideDown UIInterfaceOrientationLandscapeLeft UIInterfaceOrientationLandscapeRight";
				INFOPLIST_KEY_UISupportedInterfaceOrientations_iPhone = "UIInterfaceOrientationPortrait UIInterfaceOrientationLandscapeLeft UIInterfaceOrientationLandscapeRight";
				LD_RUNPATH_SEARCH_PATHS = (
					"$(inherited)",
					"@executable_path/Frameworks",
				);
				MARKETING_VERSION = 1.0;
				PRODUCT_BUNDLE_IDENTIFIER = buro.ap.Quiz;
				PRODUCT_NAME = "$(TARGET_NAME)";
				SWIFT_EMIT_LOC_STRINGS = YES;
				SWIFT_VERSION = 5.0;
				TARGETED_DEVICE_FAMILY = "1,2";
			};
			name = Debug;
		};
		3C1D379B288C3658001176B9 /* Release */ = {
			isa = XCBuildConfiguration;
			buildSettings = {
				ASSETCATALOG_COMPILER_APPICON_NAME = AppIcon;
				ASSETCATALOG_COMPILER_GLOBAL_ACCENT_COLOR_NAME = AccentColor;
				CODE_SIGN_STYLE = Automatic;
				CURRENT_PROJECT_VERSION = 1;
				DEVELOPMENT_TEAM = MY5ABU8M7U;
				GENERATE_INFOPLIST_FILE = YES;
				INFOPLIST_FILE = Quiz/App/SupportsFiles/Info.plist;
				INFOPLIST_KEY_UIApplicationSupportsIndirectInputEvents = YES;
				INFOPLIST_KEY_UILaunchStoryboardName = LaunchScreen;
				INFOPLIST_KEY_UIMainStoryboardFile = Main;
				INFOPLIST_KEY_UISupportedInterfaceOrientations_iPad = "UIInterfaceOrientationPortrait UIInterfaceOrientationPortraitUpsideDown UIInterfaceOrientationLandscapeLeft UIInterfaceOrientationLandscapeRight";
				INFOPLIST_KEY_UISupportedInterfaceOrientations_iPhone = "UIInterfaceOrientationPortrait UIInterfaceOrientationLandscapeLeft UIInterfaceOrientationLandscapeRight";
				LD_RUNPATH_SEARCH_PATHS = (
					"$(inherited)",
					"@executable_path/Frameworks",
				);
				MARKETING_VERSION = 1.0;
				PRODUCT_BUNDLE_IDENTIFIER = buro.ap.Quiz;
				PRODUCT_NAME = "$(TARGET_NAME)";
				SWIFT_EMIT_LOC_STRINGS = YES;
				SWIFT_VERSION = 5.0;
				TARGETED_DEVICE_FAMILY = "1,2";
			};
			name = Release;
		};
/* End XCBuildConfiguration section */

/* Begin XCConfigurationList section */
		3C1D3780288C3656001176B9 /* Build configuration list for PBXProject "Quiz" */ = {
			isa = XCConfigurationList;
			buildConfigurations = (
				3C1D3797288C3658001176B9 /* Debug */,
				3C1D3798288C3658001176B9 /* Release */,
			);
			defaultConfigurationIsVisible = 0;
			defaultConfigurationName = Release;
		};
		3C1D3799288C3658001176B9 /* Build configuration list for PBXNativeTarget "Quiz" */ = {
			isa = XCConfigurationList;
			buildConfigurations = (
				3C1D379A288C3658001176B9 /* Debug */,
				3C1D379B288C3658001176B9 /* Release */,
			);
			defaultConfigurationIsVisible = 0;
			defaultConfigurationName = Release;
		};
/* End XCConfigurationList section */
	};
	rootObject = 3C1D377D288C3656001176B9 /* Project object */;
}
